
Microsoft Visual Studio Solution File, Format Version 12.00
# Visual Studio 15
VisualStudioVersion = 15.0.28307.572
MinimumVisualStudioVersion = 10.0.40219.1
Project("{FAE04EC0-301F-11D3-BF4B-00C04F79EFBC}") = "iTechArt.ManagementDemo.DataAccess", "iTechArt.ManagementDemo.DataAccess\iTechArt.ManagementDemo.DataAccess.csproj", "{0F3DFEE3-F943-4663-ADDF-22EF7B9E5C62}"
EndProject
Project("{FAE04EC0-301F-11D3-BF4B-00C04F79EFBC}") = "iTechArt.ManagementDemo.Services", "iTechArt.ManagementDemo.Services\iTechArt.ManagementDemo.Services.csproj", "{465899C3-B8F9-45EE-8E16-2DBB84F12F93}"
EndProject
Project("{FAE04EC0-301F-11D3-BF4B-00C04F79EFBC}") = "iTechArt.ManagementDemo.Entities", "iTechArt.ManagementDemo.Entities\iTechArt.ManagementDemo.Entities.csproj", "{BB53D37A-B458-43A4-B107-60E83621FBCA}"
EndProject
Project("{FAE04EC0-301F-11D3-BF4B-00C04F79EFBC}") = "iTechArt.ManagementDemo.Web", "iTechArt.ManagementDemo.Web\iTechArt.ManagementDemo.Web.csproj", "{E1D764C6-7B4E-48FC-AC70-F3BC90084F06}"
EndProject
Project("{FAE04EC0-301F-11D3-BF4B-00C04F79EFBC}") = "Sandbox", "Sandbox\Sandbox.csproj", "{957321DC-7FA6-4C35-B870-EF1C765686F8}"
EndProject
Project("{FAE04EC0-301F-11D3-BF4B-00C04F79EFBC}") = "iTechArt.ManagementDemo.Querying", "iTechArt.ManagementDemo.Querying\iTechArt.ManagementDemo.Querying.csproj", "{19D729BB-DC1E-41DA-A175-8C72E82034EA}"
EndProject
Global
	GlobalSection(SolutionConfigurationPlatforms) = preSolution
		Debug|Any CPU = Debug|Any CPU
		Release|Any CPU = Release|Any CPU
	EndGlobalSection
	GlobalSection(ProjectConfigurationPlatforms) = postSolution
		{0F3DFEE3-F943-4663-ADDF-22EF7B9E5C62}.Debug|Any CPU.ActiveCfg = Debug|Any CPU
		{0F3DFEE3-F943-4663-ADDF-22EF7B9E5C62}.Debug|Any CPU.Build.0 = Debug|Any CPU
		{0F3DFEE3-F943-4663-ADDF-22EF7B9E5C62}.Release|Any CPU.ActiveCfg = Release|Any CPU
		{0F3DFEE3-F943-4663-ADDF-22EF7B9E5C62}.Release|Any CPU.Build.0 = Release|Any CPU
		{465899C3-B8F9-45EE-8E16-2DBB84F12F93}.Debug|Any CPU.ActiveCfg = Debug|Any CPU
		{465899C3-B8F9-45EE-8E16-2DBB84F12F93}.Debug|Any CPU.Build.0 = Debug|Any CPU
		{465899C3-B8F9-45EE-8E16-2DBB84F12F93}.Release|Any CPU.ActiveCfg = Release|Any CPU
		{465899C3-B8F9-45EE-8E16-2DBB84F12F93}.Release|Any CPU.Build.0 = Release|Any CPU
		{BB53D37A-B458-43A4-B107-60E83621FBCA}.Debug|Any CPU.ActiveCfg = Debug|Any CPU
		{BB53D37A-B458-43A4-B107-60E83621FBCA}.Debug|Any CPU.Build.0 = Debug|Any CPU
		{BB53D37A-B458-43A4-B107-60E83621FBCA}.Release|Any CPU.ActiveCfg = Release|Any CPU
		{BB53D37A-B458-43A4-B107-60E83621FBCA}.Release|Any CPU.Build.0 = Release|Any CPU
		{E1D764C6-7B4E-48FC-AC70-F3BC90084F06}.Debug|Any CPU.ActiveCfg = Debug|Any CPU
		{E1D764C6-7B4E-48FC-AC70-F3BC90084F06}.Debug|Any CPU.Build.0 = Debug|Any CPU
		{E1D764C6-7B4E-48FC-AC70-F3BC90084F06}.Release|Any CPU.ActiveCfg = Release|Any CPU
		{E1D764C6-7B4E-48FC-AC70-F3BC90084F06}.Release|Any CPU.Build.0 = Release|Any CPU
		{957321DC-7FA6-4C35-B870-EF1C765686F8}.Debug|Any CPU.ActiveCfg = Debug|Any CPU
		{957321DC-7FA6-4C35-B870-EF1C765686F8}.Debug|Any CPU.Build.0 = Debug|Any CPU
		{957321DC-7FA6-4C35-B870-EF1C765686F8}.Release|Any CPU.ActiveCfg = Release|Any CPU
		{957321DC-7FA6-4C35-B870-EF1C765686F8}.Release|Any CPU.Build.0 = Release|Any CPU
		{19D729BB-DC1E-41DA-A175-8C72E82034EA}.Debug|Any CPU.ActiveCfg = Debug|Any CPU
		{19D729BB-DC1E-41DA-A175-8C72E82034EA}.Debug|Any CPU.Build.0 = Debug|Any CPU
		{19D729BB-DC1E-41DA-A175-8C72E82034EA}.Release|Any CPU.ActiveCfg = Release|Any CPU
		{19D729BB-DC1E-41DA-A175-8C72E82034EA}.Release|Any CPU.Build.0 = Release|Any CPU
	EndGlobalSection
	GlobalSection(SolutionProperties) = preSolution
		HideSolutionNode = FALSE
	EndGlobalSection
	GlobalSection(ExtensibilityGlobals) = postSolution
		SolutionGuid = {C622DA80-45FB-4562-8AD4-8964AD59FB92}
	EndGlobalSection
EndGlobal
